// !$*UTF8*$!
{
	archiveVersion = 1;
	classes = {
	};
	objectVersion = 51;
	objects = {

/* Begin PBXBuildFile section */
		6132F974ED325476CDC07829 /* Pods_Instagram.framework in Frameworks */ = {isa = PBXBuildFile; fileRef = 0B2E36C728A6C017E03172CB /* Pods_Instagram.framework */; };
		930A664422CE795A000FA433 /* ProfilePostTableViewCell.swift in Sources */ = {isa = PBXBuildFile; fileRef = 930A664322CE795A000FA433 /* ProfilePostTableViewCell.swift */; };
		930A664622CE7984000FA433 /* PostCollectionView.swift in Sources */ = {isa = PBXBuildFile; fileRef = 930A664522CE7984000FA433 /* PostCollectionView.swift */; };
		930A664822CE7EB6000FA433 /* PostCollectionViewCell.swift in Sources */ = {isa = PBXBuildFile; fileRef = 930A664722CE7EB6000FA433 /* PostCollectionViewCell.swift */; };
		930D210F22CB0EF70040EF0D /* Post.swift in Sources */ = {isa = PBXBuildFile; fileRef = 930D210E22CB0EF70040EF0D /* Post.swift */; };
		930D211122CBE9290040EF0D /* Comment.storyboard in Resources */ = {isa = PBXBuildFile; fileRef = 930D211022CBE9290040EF0D /* Comment.storyboard */; };
		930D211622CBEA5D0040EF0D /* CommentTableViewCell.swift in Sources */ = {isa = PBXBuildFile; fileRef = 930D211522CBEA5D0040EF0D /* CommentTableViewCell.swift */; };
		930D211822CC64320040EF0D /* StoryCollectionViewCell.swift in Sources */ = {isa = PBXBuildFile; fileRef = 930D211722CC64320040EF0D /* StoryCollectionViewCell.swift */; };
		930D211E22CC6C850040EF0D /* StoryTableViewCell.swift in Sources */ = {isa = PBXBuildFile; fileRef = 930D211D22CC6C850040EF0D /* StoryTableViewCell.swift */; };
		931104B022D450DB005D5B44 /* LikeNotificationCell.swift in Sources */ = {isa = PBXBuildFile; fileRef = 931104AF22D450DB005D5B44 /* LikeNotificationCell.swift */; };
		931104B222D45902005D5B44 /* FollowNotificationCell.swift in Sources */ = {isa = PBXBuildFile; fileRef = 931104B122D45902005D5B44 /* FollowNotificationCell.swift */; };
		931104B422D4641B005D5B44 /* LikeNotification.swift in Sources */ = {isa = PBXBuildFile; fileRef = 931104B322D4641B005D5B44 /* LikeNotification.swift */; };
		931104B722D4656D005D5B44 /* FollowNotification.swift in Sources */ = {isa = PBXBuildFile; fileRef = 931104B622D4656D005D5B44 /* FollowNotification.swift */; };
		931104B922D4895C005D5B44 /* NotificationSectionHeaderView.swift in Sources */ = {isa = PBXBuildFile; fileRef = 931104B822D4895C005D5B44 /* NotificationSectionHeaderView.swift */; };
		931104BB22D48979005D5B44 /* NotificationSectionHeaderView.xib in Resources */ = {isa = PBXBuildFile; fileRef = 931104BA22D48979005D5B44 /* NotificationSectionHeaderView.xib */; };
		93326C9322CA151B00B216F4 /* PostTableViewCell.swift in Sources */ = {isa = PBXBuildFile; fileRef = 93326C9222CA151B00B216F4 /* PostTableViewCell.swift */; };
		93479D4F22C6378000A838F9 /* AppDelegate.swift in Sources */ = {isa = PBXBuildFile; fileRef = 93479D4E22C6378000A838F9 /* AppDelegate.swift */; };
		93479D5422C6378000A838F9 /* Main.storyboard in Resources */ = {isa = PBXBuildFile; fileRef = 93479D5222C6378000A838F9 /* Main.storyboard */; };
		93479D5622C6378100A838F9 /* Assets.xcassets in Resources */ = {isa = PBXBuildFile; fileRef = 93479D5522C6378100A838F9 /* Assets.xcassets */; };
		93479D6122C640F500A838F9 /* Home.storyboard in Resources */ = {isa = PBXBuildFile; fileRef = 93479D6022C640F500A838F9 /* Home.storyboard */; };
		93479D6322C642A500A838F9 /* Search.storyboard in Resources */ = {isa = PBXBuildFile; fileRef = 93479D6222C642A500A838F9 /* Search.storyboard */; };
		93479D6722C8B68F00A838F9 /* Notification.storyboard in Resources */ = {isa = PBXBuildFile; fileRef = 93479D6622C8B68F00A838F9 /* Notification.storyboard */; };
		93479D6922C8B6C400A838F9 /* Upload.storyboard in Resources */ = {isa = PBXBuildFile; fileRef = 93479D6822C8B6C400A838F9 /* Upload.storyboard */; };
		936EF62922CF1B4C009591E8 /* NotificationViewController.swift in Sources */ = {isa = PBXBuildFile; fileRef = 936EF62822CF1B4C009591E8 /* NotificationViewController.swift */; };
		936EF62C22CF692E009591E8 /* FollowingTableViewController.swift in Sources */ = {isa = PBXBuildFile; fileRef = 936EF62B22CF692E009591E8 /* FollowingTableViewController.swift */; };
		936EF62E22CF6938009591E8 /* NotificationTableViewController.swift in Sources */ = {isa = PBXBuildFile; fileRef = 936EF62D22CF6938009591E8 /* NotificationTableViewController.swift */; };
		936EF63022CF6A32009591E8 /* NormalNotificationCell.swift in Sources */ = {isa = PBXBuildFile; fileRef = 936EF62F22CF6A32009591E8 /* NormalNotificationCell.swift */; };
		936EF63222CF6B7A009591E8 /* NormalNotification.swift in Sources */ = {isa = PBXBuildFile; fileRef = 936EF63122CF6B7A009591E8 /* NormalNotification.swift */; };
		9385517522CC7F8B00628A21 /* StoryUICollectionView.swift in Sources */ = {isa = PBXBuildFile; fileRef = 9385517422CC7F8B00628A21 /* StoryUICollectionView.swift */; };
		9385517722CC7FE400628A21 /* Profile.storyboard in Resources */ = {isa = PBXBuildFile; fileRef = 9385517622CC7FE400628A21 /* Profile.storyboard */; };
		9385517922CC970800628A21 /* Comment.swift in Sources */ = {isa = PBXBuildFile; fileRef = 9385517822CC970800628A21 /* Comment.swift */; };
		9385517B22CCD31000628A21 /* CommentViewController.swift in Sources */ = {isa = PBXBuildFile; fileRef = 9385517A22CCD31000628A21 /* CommentViewController.swift */; };
		9385517D22CDD9FA00628A21 /* UserInfo.swift in Sources */ = {isa = PBXBuildFile; fileRef = 9385517C22CDD9FA00628A21 /* UserInfo.swift */; };
		9385517F22CE72B800628A21 /* HighlightTableViewCell.swift in Sources */ = {isa = PBXBuildFile; fileRef = 9385517E22CE72B800628A21 /* HighlightTableViewCell.swift */; };
		9385518122CE751700628A21 /* Highlight.swift in Sources */ = {isa = PBXBuildFile; fileRef = 9385518022CE751700628A21 /* Highlight.swift */; };
		93B98D3F22C9034F008620EF /* Story.swift in Sources */ = {isa = PBXBuildFile; fileRef = 93B98D3E22C9034F008620EF /* Story.swift */; };
		93B98D4322C90758008620EF /* HomeTableViewController.swift in Sources */ = {isa = PBXBuildFile; fileRef = 93B98D4222C90758008620EF /* HomeTableViewController.swift */; };
		93B98D4722C9290A008620EF /* ProfileDetailTableViewCell.swift in Sources */ = {isa = PBXBuildFile; fileRef = 93B98D4622C9290A008620EF /* ProfileDetailTableViewCell.swift */; };
		93B98D4B22C92C77008620EF /* UIImageView.swift in Sources */ = {isa = PBXBuildFile; fileRef = 93B98D4A22C92C77008620EF /* UIImageView.swift */; };
		93B98D4F22C93052008620EF /* ProfileTableViewController.swift in Sources */ = {isa = PBXBuildFile; fileRef = 93B98D4E22C93052008620EF /* ProfileTableViewController.swift */; };
/* End PBXBuildFile section */

/* Begin PBXFileReference section */
		0B2E36C728A6C017E03172CB /* Pods_Instagram.framework */ = {isa = PBXFileReference; explicitFileType = wrapper.framework; includeInIndex = 0; path = Pods_Instagram.framework; sourceTree = BUILT_PRODUCTS_DIR; };
		6225D63CB3DC7944EEDDDD25 /* Pods-Instagram.release.xcconfig */ = {isa = PBXFileReference; includeInIndex = 1; lastKnownFileType = text.xcconfig; name = "Pods-Instagram.release.xcconfig"; path = "Target Support Files/Pods-Instagram/Pods-Instagram.release.xcconfig"; sourceTree = "<group>"; };
		930A664322CE795A000FA433 /* ProfilePostTableViewCell.swift */ = {isa = PBXFileReference; lastKnownFileType = sourcecode.swift; path = ProfilePostTableViewCell.swift; sourceTree = "<group>"; };
		930A664522CE7984000FA433 /* PostCollectionView.swift */ = {isa = PBXFileReference; lastKnownFileType = sourcecode.swift; path = PostCollectionView.swift; sourceTree = "<group>"; };
		930A664722CE7EB6000FA433 /* PostCollectionViewCell.swift */ = {isa = PBXFileReference; lastKnownFileType = sourcecode.swift; path = PostCollectionViewCell.swift; sourceTree = "<group>"; };
		930D210E22CB0EF70040EF0D /* Post.swift */ = {isa = PBXFileReference; lastKnownFileType = sourcecode.swift; path = Post.swift; sourceTree = "<group>"; };
		930D211022CBE9290040EF0D /* Comment.storyboard */ = {isa = PBXFileReference; lastKnownFileType = file.storyboard; path = Comment.storyboard; sourceTree = "<group>"; };
		930D211522CBEA5D0040EF0D /* CommentTableViewCell.swift */ = {isa = PBXFileReference; lastKnownFileType = sourcecode.swift; path = CommentTableViewCell.swift; sourceTree = "<group>"; };
		930D211722CC64320040EF0D /* StoryCollectionViewCell.swift */ = {isa = PBXFileReference; lastKnownFileType = sourcecode.swift; path = StoryCollectionViewCell.swift; sourceTree = "<group>"; };
		930D211D22CC6C850040EF0D /* StoryTableViewCell.swift */ = {isa = PBXFileReference; lastKnownFileType = sourcecode.swift; path = StoryTableViewCell.swift; sourceTree = "<group>"; };
		931104AF22D450DB005D5B44 /* LikeNotificationCell.swift */ = {isa = PBXFileReference; lastKnownFileType = sourcecode.swift; path = LikeNotificationCell.swift; sourceTree = "<group>"; };
		931104B122D45902005D5B44 /* FollowNotificationCell.swift */ = {isa = PBXFileReference; lastKnownFileType = sourcecode.swift; path = FollowNotificationCell.swift; sourceTree = "<group>"; };
		931104B322D4641B005D5B44 /* LikeNotification.swift */ = {isa = PBXFileReference; lastKnownFileType = sourcecode.swift; path = LikeNotification.swift; sourceTree = "<group>"; };
		931104B622D4656D005D5B44 /* FollowNotification.swift */ = {isa = PBXFileReference; lastKnownFileType = sourcecode.swift; path = FollowNotification.swift; sourceTree = "<group>"; };
		931104B822D4895C005D5B44 /* NotificationSectionHeaderView.swift */ = {isa = PBXFileReference; lastKnownFileType = sourcecode.swift; path = NotificationSectionHeaderView.swift; sourceTree = "<group>"; };
		931104BA22D48979005D5B44 /* NotificationSectionHeaderView.xib */ = {isa = PBXFileReference; lastKnownFileType = file.xib; path = NotificationSectionHeaderView.xib; sourceTree = "<group>"; };
		93326C9222CA151B00B216F4 /* PostTableViewCell.swift */ = {isa = PBXFileReference; lastKnownFileType = sourcecode.swift; path = PostTableViewCell.swift; sourceTree = "<group>"; };
		93479D4B22C6378000A838F9 /* Instagram.app */ = {isa = PBXFileReference; explicitFileType = wrapper.application; includeInIndex = 0; path = Instagram.app; sourceTree = BUILT_PRODUCTS_DIR; };
		93479D4E22C6378000A838F9 /* AppDelegate.swift */ = {isa = PBXFileReference; lastKnownFileType = sourcecode.swift; path = AppDelegate.swift; sourceTree = "<group>"; };
		93479D5322C6378000A838F9 /* Base */ = {isa = PBXFileReference; lastKnownFileType = file.storyboard; name = Base; path = Base.lproj/Main.storyboard; sourceTree = "<group>"; };
		93479D5522C6378100A838F9 /* Assets.xcassets */ = {isa = PBXFileReference; lastKnownFileType = folder.assetcatalog; path = Assets.xcassets; sourceTree = "<group>"; };
		93479D5A22C6378100A838F9 /* Info.plist */ = {isa = PBXFileReference; lastKnownFileType = text.plist.xml; path = Info.plist; sourceTree = "<group>"; };
		93479D6022C640F500A838F9 /* Home.storyboard */ = {isa = PBXFileReference; lastKnownFileType = file.storyboard; path = Home.storyboard; sourceTree = "<group>"; };
		93479D6222C642A500A838F9 /* Search.storyboard */ = {isa = PBXFileReference; lastKnownFileType = file.storyboard; path = Search.storyboard; sourceTree = "<group>"; };
		93479D6622C8B68F00A838F9 /* Notification.storyboard */ = {isa = PBXFileReference; lastKnownFileType = file.storyboard; path = Notification.storyboard; sourceTree = "<group>"; };
		93479D6822C8B6C400A838F9 /* Upload.storyboard */ = {isa = PBXFileReference; lastKnownFileType = file.storyboard; path = Upload.storyboard; sourceTree = "<group>"; };
		936EF62822CF1B4C009591E8 /* NotificationViewController.swift */ = {isa = PBXFileReference; lastKnownFileType = sourcecode.swift; path = NotificationViewController.swift; sourceTree = "<group>"; };
		936EF62B22CF692E009591E8 /* FollowingTableViewController.swift */ = {isa = PBXFileReference; lastKnownFileType = sourcecode.swift; path = FollowingTableViewController.swift; sourceTree = "<group>"; };
		936EF62D22CF6938009591E8 /* NotificationTableViewController.swift */ = {isa = PBXFileReference; lastKnownFileType = sourcecode.swift; path = NotificationTableViewController.swift; sourceTree = "<group>"; };
		936EF62F22CF6A32009591E8 /* NormalNotificationCell.swift */ = {isa = PBXFileReference; lastKnownFileType = sourcecode.swift; path = NormalNotificationCell.swift; sourceTree = "<group>"; };
		936EF63122CF6B7A009591E8 /* NormalNotification.swift */ = {isa = PBXFileReference; lastKnownFileType = sourcecode.swift; path = NormalNotification.swift; sourceTree = "<group>"; };
		9385517422CC7F8B00628A21 /* StoryUICollectionView.swift */ = {isa = PBXFileReference; lastKnownFileType = sourcecode.swift; path = StoryUICollectionView.swift; sourceTree = "<group>"; };
		9385517622CC7FE400628A21 /* Profile.storyboard */ = {isa = PBXFileReference; lastKnownFileType = file.storyboard; path = Profile.storyboard; sourceTree = "<group>"; };
		9385517822CC970800628A21 /* Comment.swift */ = {isa = PBXFileReference; lastKnownFileType = sourcecode.swift; path = Comment.swift; sourceTree = "<group>"; };
		9385517A22CCD31000628A21 /* CommentViewController.swift */ = {isa = PBXFileReference; lastKnownFileType = sourcecode.swift; path = CommentViewController.swift; sourceTree = "<group>"; };
		9385517C22CDD9FA00628A21 /* UserInfo.swift */ = {isa = PBXFileReference; lastKnownFileType = sourcecode.swift; path = UserInfo.swift; sourceTree = "<group>"; };
		9385517E22CE72B800628A21 /* HighlightTableViewCell.swift */ = {isa = PBXFileReference; lastKnownFileType = sourcecode.swift; path = HighlightTableViewCell.swift; sourceTree = "<group>"; };
		9385518022CE751700628A21 /* Highlight.swift */ = {isa = PBXFileReference; lastKnownFileType = sourcecode.swift; path = Highlight.swift; sourceTree = "<group>"; };
		93B98D3E22C9034F008620EF /* Story.swift */ = {isa = PBXFileReference; lastKnownFileType = sourcecode.swift; path = Story.swift; sourceTree = "<group>"; };
		93B98D4222C90758008620EF /* HomeTableViewController.swift */ = {isa = PBXFileReference; lastKnownFileType = sourcecode.swift; path = HomeTableViewController.swift; sourceTree = "<group>"; };
		93B98D4622C9290A008620EF /* ProfileDetailTableViewCell.swift */ = {isa = PBXFileReference; lastKnownFileType = sourcecode.swift; path = ProfileDetailTableViewCell.swift; sourceTree = "<group>"; };
		93B98D4A22C92C77008620EF /* UIImageView.swift */ = {isa = PBXFileReference; lastKnownFileType = sourcecode.swift; path = UIImageView.swift; sourceTree = "<group>"; };
		93B98D4E22C93052008620EF /* ProfileTableViewController.swift */ = {isa = PBXFileReference; lastKnownFileType = sourcecode.swift; path = ProfileTableViewController.swift; sourceTree = "<group>"; };
		F4F3643D7B84E9EA721D41FF /* Pods-Instagram.debug.xcconfig */ = {isa = PBXFileReference; includeInIndex = 1; lastKnownFileType = text.xcconfig; name = "Pods-Instagram.debug.xcconfig"; path = "Target Support Files/Pods-Instagram/Pods-Instagram.debug.xcconfig"; sourceTree = "<group>"; };
/* End PBXFileReference section */

/* Begin PBXFrameworksBuildPhase section */
		93479D4822C6378000A838F9 /* Frameworks */ = {
			isa = PBXFrameworksBuildPhase;
			buildActionMask = 2147483647;
			files = (
				6132F974ED325476CDC07829 /* Pods_Instagram.framework in Frameworks */,
			);
			runOnlyForDeploymentPostprocessing = 0;
		};
/* End PBXFrameworksBuildPhase section */

/* Begin PBXGroup section */
		249CB1003B7829E3B789C7A5 /* Frameworks */ = {
			isa = PBXGroup;
			children = (
				0B2E36C728A6C017E03172CB /* Pods_Instagram.framework */,
			);
			name = Frameworks;
			sourceTree = "<group>";
		};
		5389DC319EC1112BCD64CCF6 /* Pods */ = {
			isa = PBXGroup;
			children = (
				F4F3643D7B84E9EA721D41FF /* Pods-Instagram.debug.xcconfig */,
				6225D63CB3DC7944EEDDDD25 /* Pods-Instagram.release.xcconfig */,
			);
			path = Pods;
			sourceTree = "<group>";
		};
		930A664022CE7844000FA433 /* profileDetail */ = {
			isa = PBXGroup;
			children = (
				93B98D4622C9290A008620EF /* ProfileDetailTableViewCell.swift */,
			);
			name = profileDetail;
			sourceTree = "<group>";
		};
		930A664122CE7856000FA433 /* highlight */ = {
			isa = PBXGroup;
			children = (
				9385517E22CE72B800628A21 /* HighlightTableViewCell.swift */,
				9385518022CE751700628A21 /* Highlight.swift */,
			);
			name = highlight;
			sourceTree = "<group>";
		};
		930A664222CE793D000FA433 /* post */ = {
			isa = PBXGroup;
			children = (
				930A664322CE795A000FA433 /* ProfilePostTableViewCell.swift */,
				930A664522CE7984000FA433 /* PostCollectionView.swift */,
				930A664722CE7EB6000FA433 /* PostCollectionViewCell.swift */,
			);
			name = post;
			sourceTree = "<group>";
		};
		930D211222CBE9C80040EF0D /* comment */ = {
			isa = PBXGroup;
			children = (
				930D211022CBE9290040EF0D /* Comment.storyboard */,
				9385517A22CCD31000628A21 /* CommentViewController.swift */,
				930D211522CBEA5D0040EF0D /* CommentTableViewCell.swift */,
				9385517822CC970800628A21 /* Comment.swift */,
			);
			path = comment;
			sourceTree = "<group>";
		};
		931104AE22D44DF8005D5B44 /* cells */ = {
			isa = PBXGroup;
			children = (
				936EF62F22CF6A32009591E8 /* NormalNotificationCell.swift */,
				931104AF22D450DB005D5B44 /* LikeNotificationCell.swift */,
				931104B122D45902005D5B44 /* FollowNotificationCell.swift */,
			);
			name = cells;
			sourceTree = "<group>";
		};
		931104B522D46545005D5B44 /* notifications */ = {
			isa = PBXGroup;
			children = (
				936EF63122CF6B7A009591E8 /* NormalNotification.swift */,
				931104B322D4641B005D5B44 /* LikeNotification.swift */,
				931104B622D4656D005D5B44 /* FollowNotification.swift */,
			);
			name = notifications;
			sourceTree = "<group>";
		};
		93326C9122CA14BC00B216F4 /* postCell */ = {
			isa = PBXGroup;
			children = (
				93326C9222CA151B00B216F4 /* PostTableViewCell.swift */,
			);
			name = postCell;
			sourceTree = "<group>";
		};
		93479D4222C6378000A838F9 = {
			isa = PBXGroup;
			children = (
				93479D4D22C6378000A838F9 /* Instagram */,
				93479D4C22C6378000A838F9 /* Products */,
				5389DC319EC1112BCD64CCF6 /* Pods */,
				249CB1003B7829E3B789C7A5 /* Frameworks */,
			);
			sourceTree = "<group>";
		};
		93479D4C22C6378000A838F9 /* Products */ = {
			isa = PBXGroup;
			children = (
				93479D4B22C6378000A838F9 /* Instagram.app */,
			);
			name = Products;
			sourceTree = "<group>";
		};
		93479D4D22C6378000A838F9 /* Instagram */ = {
			isa = PBXGroup;
			children = (
				930D211222CBE9C80040EF0D /* comment */,
				93479D6A22C8B7B200A838F9 /* home */,
				93479D6B22C8B84E00A838F9 /* search */,
				93479D6E22C8B86F00A838F9 /* notification */,
				93479D6D22C8B86500A838F9 /* upload */,
				93479D6C22C8B85800A838F9 /* profile */,
				93479D5222C6378000A838F9 /* Main.storyboard */,
				93479D4E22C6378000A838F9 /* AppDelegate.swift */,
				93479D5522C6378100A838F9 /* Assets.xcassets */,
				93479D5A22C6378100A838F9 /* Info.plist */,
				93B98D4A22C92C77008620EF /* UIImageView.swift */,
				9385517C22CDD9FA00628A21 /* UserInfo.swift */,
			);
			path = Instagram;
			sourceTree = "<group>";
		};
		93479D6A22C8B7B200A838F9 /* home */ = {
			isa = PBXGroup;
			children = (
				93479D6022C640F500A838F9 /* Home.storyboard */,
				93B98D4222C90758008620EF /* HomeTableViewController.swift */,
				9385517422CC7F8B00628A21 /* StoryUICollectionView.swift */,
				93B98D3E22C9034F008620EF /* Story.swift */,
				930D210E22CB0EF70040EF0D /* Post.swift */,
				93B98D3D22C902CE008620EF /* storyCell */,
				93326C9122CA14BC00B216F4 /* postCell */,
			);
			path = home;
			sourceTree = "<group>";
		};
		93479D6B22C8B84E00A838F9 /* search */ = {
			isa = PBXGroup;
			children = (
				93479D6222C642A500A838F9 /* Search.storyboard */,
			);
			path = search;
			sourceTree = "<group>";
		};
		93479D6C22C8B85800A838F9 /* profile */ = {
			isa = PBXGroup;
			children = (
				9385517622CC7FE400628A21 /* Profile.storyboard */,
				93B98D4E22C93052008620EF /* ProfileTableViewController.swift */,
				930A664222CE793D000FA433 /* post */,
				930A664022CE7844000FA433 /* profileDetail */,
				930A664122CE7856000FA433 /* highlight */,
			);
			path = profile;
			sourceTree = "<group>";
		};
		93479D6D22C8B86500A838F9 /* upload */ = {
			isa = PBXGroup;
			children = (
				93479D6822C8B6C400A838F9 /* Upload.storyboard */,
			);
			path = upload;
			sourceTree = "<group>";
		};
		93479D6E22C8B86F00A838F9 /* notification */ = {
			isa = PBXGroup;
			children = (
				931104B522D46545005D5B44 /* notifications */,
				93479D6622C8B68F00A838F9 /* Notification.storyboard */,
				936EF62822CF1B4C009591E8 /* NotificationViewController.swift */,
				936EF62A22CF6903009591E8 /* tables */,
				931104AE22D44DF8005D5B44 /* cells */,
				931104B822D4895C005D5B44 /* NotificationSectionHeaderView.swift */,
				931104BA22D48979005D5B44 /* NotificationSectionHeaderView.xib */,
			);
			path = notification;
			sourceTree = "<group>";
		};
		936EF62A22CF6903009591E8 /* tables */ = {
			isa = PBXGroup;
			children = (
				936EF62B22CF692E009591E8 /* FollowingTableViewController.swift */,
				936EF62D22CF6938009591E8 /* NotificationTableViewController.swift */,
			);
			name = tables;
			sourceTree = "<group>";
		};
		93B98D3D22C902CE008620EF /* storyCell */ = {
			isa = PBXGroup;
			children = (
				930D211722CC64320040EF0D /* StoryCollectionViewCell.swift */,
				930D211D22CC6C850040EF0D /* StoryTableViewCell.swift */,
			);
			name = storyCell;
			sourceTree = "<group>";
		};
/* End PBXGroup section */

/* Begin PBXNativeTarget section */
		93479D4A22C6378000A838F9 /* Instagram */ = {
			isa = PBXNativeTarget;
			buildConfigurationList = 93479D5D22C6378100A838F9 /* Build configuration list for PBXNativeTarget "Instagram" */;
			buildPhases = (
				54017D3021F6CB818FDEF7F8 /* [CP] Check Pods Manifest.lock */,
				93479D4722C6378000A838F9 /* Sources */,
				93479D4822C6378000A838F9 /* Frameworks */,
				93479D4922C6378000A838F9 /* Resources */,
				8BF6B9600EA744276543DAF0 /* [CP] Embed Pods Frameworks */,
			);
			buildRules = (
			);
			dependencies = (
			);
			name = Instagram;
			productName = Instagram;
			productReference = 93479D4B22C6378000A838F9 /* Instagram.app */;
			productType = "com.apple.product-type.application";
		};
/* End PBXNativeTarget section */

/* Begin PBXProject section */
		93479D4322C6378000A838F9 /* Project object */ = {
			isa = PBXProject;
			attributes = {
				LastSwiftUpdateCheck = 1020;
				LastUpgradeCheck = 1020;
				ORGANIZATIONNAME = "Siwat Ponpued";
				TargetAttributes = {
					93479D4A22C6378000A838F9 = {
						CreatedOnToolsVersion = 10.2.1;
					};
				};
			};
			buildConfigurationList = 93479D4622C6378000A838F9 /* Build configuration list for PBXProject "Instagram" */;
			compatibilityVersion = "Xcode 9.3";
			developmentRegion = en;
			hasScannedForEncodings = 0;
			knownRegions = (
				en,
				Base,
			);
			mainGroup = 93479D4222C6378000A838F9;
			productRefGroup = 93479D4C22C6378000A838F9 /* Products */;
			projectDirPath = "";
			projectRoot = "";
			targets = (
				93479D4A22C6378000A838F9 /* Instagram */,
			);
		};
/* End PBXProject section */

/* Begin PBXResourcesBuildPhase section */
		93479D4922C6378000A838F9 /* Resources */ = {
			isa = PBXResourcesBuildPhase;
			buildActionMask = 2147483647;
			files = (
				93479D5622C6378100A838F9 /* Assets.xcassets in Resources */,
				93479D5422C6378000A838F9 /* Main.storyboard in Resources */,
				9385517722CC7FE400628A21 /* Profile.storyboard in Resources */,
				93479D6122C640F500A838F9 /* Home.storyboard in Resources */,
				93479D6922C8B6C400A838F9 /* Upload.storyboard in Resources */,
				930D211122CBE9290040EF0D /* Comment.storyboard in Resources */,
				93479D6322C642A500A838F9 /* Search.storyboard in Resources */,
				93479D6722C8B68F00A838F9 /* Notification.storyboard in Resources */,
				931104BB22D48979005D5B44 /* NotificationSectionHeaderView.xib in Resources */,
			);
			runOnlyForDeploymentPostprocessing = 0;
		};
/* End PBXResourcesBuildPhase section */

/* Begin PBXShellScriptBuildPhase section */
		54017D3021F6CB818FDEF7F8 /* [CP] Check Pods Manifest.lock */ = {
			isa = PBXShellScriptBuildPhase;
			buildActionMask = 2147483647;
			files = (
			);
			inputFileListPaths = (
			);
			inputPaths = (
				"${PODS_PODFILE_DIR_PATH}/Podfile.lock",
				"${PODS_ROOT}/Manifest.lock",
			);
			name = "[CP] Check Pods Manifest.lock";
			outputFileListPaths = (
			);
			outputPaths = (
				"$(DERIVED_FILE_DIR)/Pods-Instagram-checkManifestLockResult.txt",
			);
			runOnlyForDeploymentPostprocessing = 0;
			shellPath = /bin/sh;
			shellScript = "diff \"${PODS_PODFILE_DIR_PATH}/Podfile.lock\" \"${PODS_ROOT}/Manifest.lock\" > /dev/null\nif [ $? != 0 ] ; then\n    # print error to STDERR\n    echo \"error: The sandbox is not in sync with the Podfile.lock. Run 'pod install' or update your CocoaPods installation.\" >&2\n    exit 1\nfi\n# This output is used by Xcode 'outputs' to avoid re-running this script phase.\necho \"SUCCESS\" > \"${SCRIPT_OUTPUT_FILE_0}\"\n";
			showEnvVarsInLog = 0;
		};
		8BF6B9600EA744276543DAF0 /* [CP] Embed Pods Frameworks */ = {
			isa = PBXShellScriptBuildPhase;
			buildActionMask = 2147483647;
			files = (
			);
			inputFileListPaths = (
				"${PODS_ROOT}/Target Support Files/Pods-Instagram/Pods-Instagram-frameworks-${CONFIGURATION}-input-files.xcfilelist",
			);
			name = "[CP] Embed Pods Frameworks";
			outputFileListPaths = (
				"${PODS_ROOT}/Target Support Files/Pods-Instagram/Pods-Instagram-frameworks-${CONFIGURATION}-output-files.xcfilelist",
			);
			runOnlyForDeploymentPostprocessing = 0;
			shellPath = /bin/sh;
			shellScript = "\"${PODS_ROOT}/Target Support Files/Pods-Instagram/Pods-Instagram-frameworks.sh\"\n";
			showEnvVarsInLog = 0;
		};
/* End PBXShellScriptBuildPhase section */

/* Begin PBXSourcesBuildPhase section */
		93479D4722C6378000A838F9 /* Sources */ = {
			isa = PBXSourcesBuildPhase;
			buildActionMask = 2147483647;
			files = (
				931104B922D4895C005D5B44 /* NotificationSectionHeaderView.swift in Sources */,
				930A664822CE7EB6000FA433 /* PostCollectionViewCell.swift in Sources */,
				931104B422D4641B005D5B44 /* LikeNotification.swift in Sources */,
				93B98D4F22C93052008620EF /* ProfileTableViewController.swift in Sources */,
				930D210F22CB0EF70040EF0D /* Post.swift in Sources */,
				9385517F22CE72B800628A21 /* HighlightTableViewCell.swift in Sources */,
				930D211822CC64320040EF0D /* StoryCollectionViewCell.swift in Sources */,
				9385517D22CDD9FA00628A21 /* UserInfo.swift in Sources */,
				936EF62E22CF6938009591E8 /* NotificationTableViewController.swift in Sources */,
				9385517922CC970800628A21 /* Comment.swift in Sources */,
				931104B222D45902005D5B44 /* FollowNotificationCell.swift in Sources */,
				93B98D4B22C92C77008620EF /* UIImageView.swift in Sources */,
				9385517B22CCD31000628A21 /* CommentViewController.swift in Sources */,
				93B98D3F22C9034F008620EF /* Story.swift in Sources */,
				9385517522CC7F8B00628A21 /* StoryUICollectionView.swift in Sources */,
				936EF63022CF6A32009591E8 /* NormalNotificationCell.swift in Sources */,
				93479D4F22C6378000A838F9 /* AppDelegate.swift in Sources */,
				930D211622CBEA5D0040EF0D /* CommentTableViewCell.swift in Sources */,
				9385518122CE751700628A21 /* Highlight.swift in Sources */,
				936EF63222CF6B7A009591E8 /* NormalNotification.swift in Sources */,
				930A664622CE7984000FA433 /* PostCollectionView.swift in Sources */,
				936EF62C22CF692E009591E8 /* FollowingTableViewController.swift in Sources */,
				930D211E22CC6C850040EF0D /* StoryTableViewCell.swift in Sources */,
				931104B022D450DB005D5B44 /* LikeNotificationCell.swift in Sources */,
				93B98D4722C9290A008620EF /* ProfileDetailTableViewCell.swift in Sources */,
				931104B722D4656D005D5B44 /* FollowNotification.swift in Sources */,
				936EF62922CF1B4C009591E8 /* NotificationViewController.swift in Sources */,
				93326C9322CA151B00B216F4 /* PostTableViewCell.swift in Sources */,
				93B98D4322C90758008620EF /* HomeTableViewController.swift in Sources */,
				930A664422CE795A000FA433 /* ProfilePostTableViewCell.swift in Sources */,
			);
			runOnlyForDeploymentPostprocessing = 0;
		};
/* End PBXSourcesBuildPhase section */

/* Begin PBXVariantGroup section */
		93479D5222C6378000A838F9 /* Main.storyboard */ = {
			isa = PBXVariantGroup;
			children = (
				93479D5322C6378000A838F9 /* Base */,
			);
			name = Main.storyboard;
			sourceTree = "<group>";
		};
/* End PBXVariantGroup section */

/* Begin XCBuildConfiguration section */
		93479D5B22C6378100A838F9 /* Debug */ = {
			isa = XCBuildConfiguration;
			buildSettings = {
				ALWAYS_SEARCH_USER_PATHS = NO;
				CLANG_ANALYZER_NONNULL = YES;
				CLANG_ANALYZER_NUMBER_OBJECT_CONVERSION = YES_AGGRESSIVE;
				CLANG_CXX_LANGUAGE_STANDARD = "gnu++14";
				CLANG_CXX_LIBRARY = "libc++";
				CLANG_ENABLE_MODULES = YES;
				CLANG_ENABLE_OBJC_ARC = YES;
				CLANG_ENABLE_OBJC_WEAK = YES;
				CLANG_WARN_BLOCK_CAPTURE_AUTORELEASING = YES;
				CLANG_WARN_BOOL_CONVERSION = YES;
				CLANG_WARN_COMMA = YES;
				CLANG_WARN_CONSTANT_CONVERSION = YES;
				CLANG_WARN_DEPRECATED_OBJC_IMPLEMENTATIONS = YES;
				CLANG_WARN_DIRECT_OBJC_ISA_USAGE = YES_ERROR;
				CLANG_WARN_DOCUMENTATION_COMMENTS = YES;
				CLANG_WARN_EMPTY_BODY = YES;
				CLANG_WARN_ENUM_CONVERSION = YES;
				CLANG_WARN_INFINITE_RECURSION = YES;
				CLANG_WARN_INT_CONVERSION = YES;
				CLANG_WARN_NON_LITERAL_NULL_CONVERSION = YES;
				CLANG_WARN_OBJC_IMPLICIT_RETAIN_SELF = YES;
				CLANG_WARN_OBJC_LITERAL_CONVERSION = YES;
				CLANG_WARN_OBJC_ROOT_CLASS = YES_ERROR;
				CLANG_WARN_RANGE_LOOP_ANALYSIS = YES;
				CLANG_WARN_STRICT_PROTOTYPES = YES;
				CLANG_WARN_SUSPICIOUS_MOVE = YES;
				CLANG_WARN_UNGUARDED_AVAILABILITY = YES_AGGRESSIVE;
				CLANG_WARN_UNREACHABLE_CODE = YES;
				CLANG_WARN__DUPLICATE_METHOD_MATCH = YES;
				CODE_SIGN_IDENTITY = "iPhone Developer";
				COPY_PHASE_STRIP = NO;
				DEBUG_INFORMATION_FORMAT = dwarf;
				ENABLE_STRICT_OBJC_MSGSEND = YES;
				ENABLE_TESTABILITY = YES;
				GCC_C_LANGUAGE_STANDARD = gnu11;
				GCC_DYNAMIC_NO_PIC = NO;
				GCC_NO_COMMON_BLOCKS = YES;
				GCC_OPTIMIZATION_LEVEL = 0;
				GCC_PREPROCESSOR_DEFINITIONS = (
					"DEBUG=1",
					"$(inherited)",
				);
				GCC_WARN_64_TO_32_BIT_CONVERSION = YES;
				GCC_WARN_ABOUT_RETURN_TYPE = YES_ERROR;
				GCC_WARN_UNDECLARED_SELECTOR = YES;
				GCC_WARN_UNINITIALIZED_AUTOS = YES_AGGRESSIVE;
				GCC_WARN_UNUSED_FUNCTION = YES;
				GCC_WARN_UNUSED_VARIABLE = YES;
				IPHONEOS_DEPLOYMENT_TARGET = 12.2;
				MTL_ENABLE_DEBUG_INFO = INCLUDE_SOURCE;
				MTL_FAST_MATH = YES;
				ONLY_ACTIVE_ARCH = YES;
				SDKROOT = iphoneos;
				SWIFT_ACTIVE_COMPILATION_CONDITIONS = DEBUG;
				SWIFT_OPTIMIZATION_LEVEL = "-Onone";
			};
			name = Debug;
		};
		93479D5C22C6378100A838F9 /* Release */ = {
			isa = XCBuildConfiguration;
			buildSettings = {
				ALWAYS_SEARCH_USER_PATHS = NO;
				CLANG_ANALYZER_NONNULL = YES;
				CLANG_ANALYZER_NUMBER_OBJECT_CONVERSION = YES_AGGRESSIVE;
				CLANG_CXX_LANGUAGE_STANDARD = "gnu++14";
				CLANG_CXX_LIBRARY = "libc++";
				CLANG_ENABLE_MODULES = YES;
				CLANG_ENABLE_OBJC_ARC = YES;
				CLANG_ENABLE_OBJC_WEAK = YES;
				CLANG_WARN_BLOCK_CAPTURE_AUTORELEASING = YES;
				CLANG_WARN_BOOL_CONVERSION = YES;
				CLANG_WARN_COMMA = YES;
				CLANG_WARN_CONSTANT_CONVERSION = YES;
				CLANG_WARN_DEPRECATED_OBJC_IMPLEMENTATIONS = YES;
				CLANG_WARN_DIRECT_OBJC_ISA_USAGE = YES_ERROR;
				CLANG_WARN_DOCUMENTATION_COMMENTS = YES;
				CLANG_WARN_EMPTY_BODY = YES;
				CLANG_WARN_ENUM_CONVERSION = YES;
				CLANG_WARN_INFINITE_RECURSION = YES;
				CLANG_WARN_INT_CONVERSION = YES;
				CLANG_WARN_NON_LITERAL_NULL_CONVERSION = YES;
				CLANG_WARN_OBJC_IMPLICIT_RETAIN_SELF = YES;
				CLANG_WARN_OBJC_LITERAL_CONVERSION = YES;
				CLANG_WARN_OBJC_ROOT_CLASS = YES_ERROR;
				CLANG_WARN_RANGE_LOOP_ANALYSIS = YES;
				CLANG_WARN_STRICT_PROTOTYPES = YES;
				CLANG_WARN_SUSPICIOUS_MOVE = YES;
				CLANG_WARN_UNGUARDED_AVAILABILITY = YES_AGGRESSIVE;
				CLANG_WARN_UNREACHABLE_CODE = YES;
				CLANG_WARN__DUPLICATE_METHOD_MATCH = YES;
				CODE_SIGN_IDENTITY = "iPhone Developer";
				COPY_PHASE_STRIP = NO;
				DEBUG_INFORMATION_FORMAT = "dwarf-with-dsym";
				ENABLE_NS_ASSERTIONS = NO;
				ENABLE_STRICT_OBJC_MSGSEND = YES;
				GCC_C_LANGUAGE_STANDARD = gnu11;
				GCC_NO_COMMON_BLOCKS = YES;
				GCC_WARN_64_TO_32_BIT_CONVERSION = YES;
				GCC_WARN_ABOUT_RETURN_TYPE = YES_ERROR;
				GCC_WARN_UNDECLARED_SELECTOR = YES;
				GCC_WARN_UNINITIALIZED_AUTOS = YES_AGGRESSIVE;
				GCC_WARN_UNUSED_FUNCTION = YES;
				GCC_WARN_UNUSED_VARIABLE = YES;
				IPHONEOS_DEPLOYMENT_TARGET = 12.2;
				MTL_ENABLE_DEBUG_INFO = NO;
				MTL_FAST_MATH = YES;
				SDKROOT = iphoneos;
				SWIFT_COMPILATION_MODE = wholemodule;
				SWIFT_OPTIMIZATION_LEVEL = "-O";
				VALIDATE_PRODUCT = YES;
			};
			name = Release;
		};
		93479D5E22C6378100A838F9 /* Debug */ = {
			isa = XCBuildConfiguration;
			baseConfigurationReference = F4F3643D7B84E9EA721D41FF /* Pods-Instagram.debug.xcconfig */;
			buildSettings = {
				ASSETCATALOG_COMPILER_APPICON_NAME = AppIcon;
				CODE_SIGN_STYLE = Automatic;
				DEVELOPMENT_TEAM = 76T6H9A9RE;
				INFOPLIST_FILE = Instagram/Info.plist;
				LD_RUNPATH_SEARCH_PATHS = (
					"$(inherited)",
					"@executable_path/Frameworks",
				);
				PRODUCT_BUNDLE_IDENTIFIER = Siwat.InstagramClone;
				PRODUCT_NAME = "$(TARGET_NAME)";
				SWIFT_VERSION = 5.0;
				TARGETED_DEVICE_FAMILY = "1,2";
			};
			name = Debug;
		};
		93479D5F22C6378100A838F9 /* Release */ = {
			isa = XCBuildConfiguration;
			baseConfigurationReference = 6225D63CB3DC7944EEDDDD25 /* Pods-Instagram.release.xcconfig */;
			buildSettings = {
				ASSETCATALOG_COMPILER_APPICON_NAME = AppIcon;
				CODE_SIGN_STYLE = Automatic;
				DEVELOPMENT_TEAM = 76T6H9A9RE;
				INFOPLIST_FILE = Instagram/Info.plist;
				LD_RUNPATH_SEARCH_PATHS = (
					"$(inherited)",
					"@executable_path/Frameworks",
				);
				PRODUCT_BUNDLE_IDENTIFIER = Siwat.InstagramClone;
				PRODUCT_NAME = "$(TARGET_NAME)";
				SWIFT_VERSION = 5.0;
				TARGETED_DEVICE_FAMILY = "1,2";
			};
			name = Release;
		};
/* End XCBuildConfiguration section */

/* Begin XCConfigurationList section */
		93479D4622C6378000A838F9 /* Build configuration list for PBXProject "Instagram" */ = {
			isa = XCConfigurationList;
			buildConfigurations = (
				93479D5B22C6378100A838F9 /* Debug */,
				93479D5C22C6378100A838F9 /* Release */,
			);
			defaultConfigurationIsVisible = 0;
			defaultConfigurationName = Release;
		};
		93479D5D22C6378100A838F9 /* Build configuration list for PBXNativeTarget "Instagram" */ = {
			isa = XCConfigurationList;
			buildConfigurations = (
				93479D5E22C6378100A838F9 /* Debug */,
				93479D5F22C6378100A838F9 /* Release */,
			);
			defaultConfigurationIsVisible = 0;
			defaultConfigurationName = Release;
		};
/* End XCConfigurationList section */
	};
	rootObject = 93479D4322C6378000A838F9 /* Project object */;
}
